
Microsoft Visual Studio Solution File, Format Version 12.00
# Visual Studio Version 17
VisualStudioVersion = 17.2.32630.192
MinimumVisualStudioVersion = 10.0.40219.1
Project("{FAE04EC0-301F-11D3-BF4B-00C04F79EFBC}") = "ADHD_anaylzer_Admin", "ADHD_anaylzer_Admin.csproj", "{867B7B92-94AD-4B85-853C-6FB747B0ECE9}"
EndProject
Global
	GlobalSection(SolutionConfigurationPlatforms) = preSolution
		Debug|Any CPU = Debug|Any CPU
		Release|Any CPU = Release|Any CPU
	EndGlobalSection
	GlobalSection(ProjectConfigurationPlatforms) = postSolution
		{867B7B92-94AD-4B85-853C-6FB747B0ECE9}.Debug|Any CPU.ActiveCfg = Debug|Any CPU
		{867B7B92-94AD-4B85-853C-6FB747B0ECE9}.Debug|Any CPU.Build.0 = Debug|Any CPU
		{867B7B92-94AD-4B85-853C-6FB747B0ECE9}.Release|Any CPU.ActiveCfg = Release|Any CPU
		{867B7B92-94AD-4B85-853C-6FB747B0ECE9}.Release|Any CPU.Build.0 = Release|Any CPU
	EndGlobalSection
	GlobalSection(SolutionProperties) = preSolution
		HideSolutionNode = FALSE
	EndGlobalSection
	GlobalSection(ExtensibilityGlobals) = postSolution
		SolutionGuid = {A725B3B8-20F5-4B60-90AB-4E5B953AACB4}
	EndGlobalSection
EndGlobal
